github.com/bagaking/gotools/reflectool v0.0.0-20210305200539-677dcd8f6de3 h1:x6dymwXgbqwvmwNTlNZfT4FK/iKXV7OGhWiAXC51llA=
github.com/bagaking/gotools/reflectool v0.0.0-20210305200539-677dcd8f6de3/go.mod h1:8S03Lgjo/ndbna6MEHndqe4huiWsUK9Oce/nlXgsJTk=
github.com/bagaking/gotools/reflectool v0.0.0-20210306021537-e7f14e4f3728 h1:R0ql1rVY79UFGMLEFgchUXGBCKREdXxryTbqg9jVAUI=
github.com/bagaking/gotools/reflectool v0.0.0-20210306021537-e7f14e4f3728/go.mod h1:8S03Lgjo/ndbna6MEHndqe4huiWsUK9Oce/nlXgsJTk=
github.com/bagaking/gotools/reflectool v0.0.1 h1:oTx6/GmLl9yEzxzFk33YzK+mMZr26wSgYFYYOdVbIwY=
github.com/bagaking/gotools/reflectool v0.0.1/go.mod h1:8S03Lgjo/ndbna6MEHndqe4huiWsUK9Oce/nlXgsJTk=
