github.com/bagaking/gotools/procast v0.0.0-20210306170111-0cc0c4c277e2 h1:emPKMxhmOh7tAgUJ4fDMDHnY9UrBo/am6MtoxN8J9R8=
github.com/bagaking/gotools/procast v0.0.0-20210306170111-0cc0c4c277e2/go.mod h1:oelPWszfXyawjxyQSKkVird/uaFout9X0rx7z7jspy8=
github.com/bagaking/gotools/procast v0.0.0-20210308174416-dca29167058f h1:2zpelMgf8Lyzw8+peBbOoxRXCtj1DE7Ox50PFWTIYiI=
github.com/bagaking/gotools/procast v0.0.0-20210308174416-dca29167058f/go.mod h1:oelPWszfXyawjxyQSKkVird/uaFout9X0rx7z7jspy8=
github.com/bagaking/gotools/reflectool v0.0.1 h1:oTx6/GmLl9yEzxzFk33YzK+mMZr26wSgYFYYOdVbIwY=
github.com/bagaking/gotools/reflectool v0.0.1/go.mod h1:8S03Lgjo/ndbna6MEHndqe4huiWsUK9Oce/nlXgsJTk=
github.com/bagaking/gotools/reflectool v0.0.2-0.20210306153536-67dd7f73bacf h1:LJZOZA/HAh2lgvNTte9LnjSvAbB8k00D0vWGaRDTllA=
github.com/bagaking/gotools/reflectool v0.0.2-0.20210306153536-67dd7f73bacf/go.mod h1:8S03Lgjo/ndbna6MEHndqe4huiWsUK9Oce/nlXgsJTk=
github.com/bagaking/gotools/reflectool v0.0.2 h1:9LoG/ig5I4PkbFDdwgi+kBVwKM5muLo9IIaV5YOGEbI=
github.com/bagaking/gotools/reflectool v0.0.2/go.mod h1:fD/BEgGIUGAug8hF+cPya7PWGmxkpYD70ILmaTkucTM=
github.com/bagaking/gotools/strs v0.0.1 h1:zvMiKP/jv8Zq+B0W7KV9uaT5sufX0aZ2XjN2mYWsQbc=
github.com/bagaking/gotools/strs v0.0.1/go.mod h1:APZlUIjQHX/te3SKa8ONwvgvGncn1o1Drcno1P/7p+k=
github.com/bagaking/gotools/strs v0.0.2 h1:uh284i/Ke/y65+B8BBHM79lBCviwdXfSQOMVopvNF6w=
github.com/bagaking/gotools/strs v0.0.2/go.mod h1:dAGpuAHf1xjcj1Wf6fE6xt+5R33npA9u43lLdxl3twg=
github.com/davecgh/go-spew v1.1.0/go.mod h1:J7Y8YcW2NihsgmVo/mv3lAwl/skON4iLHjSsI+c5H38=
github.com/pmezard/go-difflib v1.0.0/go.mod h1:iKH77koFhYxTK1pcRnkKkqfTogsbg7gZNVY4sRDYZ/4=
github.com/stretchr/objx v0.1.0/go.mod h1:HFkY916IF+rwdDfMAkV7OtwuqBVzrE8GR6GFx+wExME=
github.com/stretchr/testify v1.7.0/go.mod h1:6Fq8oRcR53rry900zMqJjRRixrwX3KX962/h/Wwjteg=
gopkg.in/check.v1 v0.0.0-20161208181325-20d25e280405/go.mod h1:Co6ibVJAznAaIkqp8huTwlJQCZ016jof/cbN4VW5Yz0=
gopkg.in/yaml.v3 v3.0.0-20200313102051-9f266ea9e77c/go.mod h1:K4uyk7z7BCEPqu6E+C64Yfv1cQ7kz7rIZviUmN+EgEM=
